{
  "nodes": {
    "emacs": {
      "inputs": {
        "flake-utils": "flake-utils",
        "nixpkgs": "nixpkgs"
      },
      "locked": {
        "lastModified": 1679712978,
        "narHash": "sha256-Wl643FvM8aLvg8GL053lS1NBmdniTQM4gBGq5r7U0M4=",
        "owner": "nix-community",
        "repo": "emacs-overlay",
        "rev": "edd4e53eac41bf568856c3728ef0f640411f5e5f",
        "type": "github"
      },
      "original": {
        "owner": "nix-community",
        "repo": "emacs-overlay",
        "type": "github"
      }
    },
    "emacs-src": {
      "flake": false,
      "locked": {
        "lastModified": 1679754080,
        "narHash": "sha256-v0nm/X4Zrtn03c3WVFNaCUf5IyEtsLs4EFBt2clLMvo=",
        "owner": "emacs-mirror",
        "repo": "emacs",
        "rev": "64a2b0d36fe9152641fe2017d36d5fc4ee2b7fc6",
        "type": "github"
      },
      "original": {
        "owner": "emacs-mirror",
        "ref": "emacs-29",
        "repo": "emacs",
        "type": "github"
      }
    },
    "flake-utils": {
      "locked": {
        "lastModified": 1667395993,
        "narHash": "sha256-nuEHfE/LcWyuSWnS8t12N1wc105Qtau+/OdUAjtQ0rA=",
        "owner": "numtide",
        "repo": "flake-utils",
        "rev": "5aed5285a952e0b949eb3ba02c12fa4fcfef535f",
        "type": "github"
      },
      "original": {
        "owner": "numtide",
        "repo": "flake-utils",
        "type": "github"
      }
    },
    "flake-utils_2": {
      "locked": {
        "lastModified": 1678901627,
        "narHash": "sha256-U02riOqrKKzwjsxc/400XnElV+UtPUQWpANPlyazjH0=",
        "owner": "numtide",
        "repo": "flake-utils",
        "rev": "93a2b84fc4b70d9e089d029deacc3583435c2ed6",
        "type": "github"
      },
      "original": {
        "owner": "numtide",
        "repo": "flake-utils",
        "type": "github"
      }
    },
    "flake-utils_3": {
      "locked": {
        "lastModified": 1659877975,
        "narHash": "sha256-zllb8aq3YO3h8B/U0/J1WBgAL8EX5yWf5pMj3G0NAmc=",
        "owner": "numtide",
        "repo": "flake-utils",
        "rev": "c0e246b9b83f637f4681389ecabcb2681b4f3af0",
        "type": "github"
      },
      "original": {
        "owner": "numtide",
        "repo": "flake-utils",
        "type": "github"
      }
    },
    "home-manager": {
      "inputs": {
        "nixpkgs": [
          "nixpkgs"
        ],
        "utils": "utils"
      },
      "locked": {
        "lastModified": 1679758258,
        "narHash": "sha256-/fsleSIKfnCCzrn4MIAEDTCKeCe+ZxXEPrKykAI5q08=",
        "owner": "nix-community",
        "repo": "home-manager",
        "rev": "d80bf24dab1c1abb3c36e6e28cd30d27599a9620",
        "type": "github"
      },
      "original": {
        "owner": "nix-community",
        "repo": "home-manager",
        "type": "github"
      }
    },
    "mozilla": {
      "locked": {
        "lastModified": 1677493379,
        "narHash": "sha256-A1gO8zlWLv3+tZ3cGVB1WYvvoN9pbFyv0xIJHcTsckw=",
        "owner": "mozilla",
        "repo": "nixpkgs-mozilla",
        "rev": "78e723925daf5c9e8d0a1837ec27059e61649cb6",
        "type": "github"
      },
      "original": {
        "owner": "mozilla",
        "repo": "nixpkgs-mozilla",
        "type": "github"
      }
    },
    "nix-direnv": {
      "inputs": {
        "flake-utils": "flake-utils_2",
        "nixpkgs": [
          "nixpkgs"
        ]
      },
      "locked": {
        "lastModified": 1678952047,
        "narHash": "sha256-AkCPj4/GghWTmtamdCTKUeu+61iZkcVUkGetbcpKNx4=",
        "owner": "nix-community",
        "repo": "nix-direnv",
        "rev": "17e2f04c4aaaac509a4b77c66cea42281ed64615",
        "type": "github"
      },
      "original": {
        "owner": "nix-community",
        "repo": "nix-direnv",
        "type": "github"
      }
    },
    "nixpkgs": {
      "locked": {
        "lastModified": 1673540789,
        "narHash": "sha256-xqnxBOK3qctIeUVxecydrEDbEXjsvHCPGPbvsl63M/U=",
        "owner": "NixOS",
        "repo": "nixpkgs",
        "rev": "0f213d0fee84280d8c3a97f7469b988d6fe5fcdf",
        "type": "github"
      },
      "original": {
        "owner": "NixOS",
        "ref": "nixos-unstable",
        "repo": "nixpkgs",
        "type": "github"
      }
    },
    "nixpkgs-master": {
      "locked": {
        "lastModified": 1679689316,
        "narHash": "sha256-4ETE9VeFUldx5g3jnvTPncEq9B7dfHbZOTdiB31vtH8=",
        "owner": "cassandracomar",
        "repo": "nixpkgs",
        "rev": "a123b7c2d5a8fb372a123e1178fa0610a737eca4",
        "type": "github"
      },
      "original": {
        "owner": "cassandracomar",
        "repo": "nixpkgs",
        "type": "github"
      }
    },
    "nixpkgs-optimized": {
      "locked": {
        "lastModified": 1679584211,
        "narHash": "sha256-ecN/AyjkgcQ/+z82DaVSQSDYR+QYk3LKu4NNSFxrIIY=",
        "owner": "cassandracomar",
        "repo": "nixpkgs",
        "rev": "210df95fea0d341eb526f677d7470836b364f395",
        "type": "github"
      },
      "original": {
        "owner": "cassandracomar",
        "ref": "kernel-pin",
        "repo": "nixpkgs",
        "type": "github"
      }
    },
    "nixpkgs-stable": {
      "locked": {
        "lastModified": 1679163677,
        "narHash": "sha256-VC0tc3EjJZFPXgucFQAYMIHce5nJWYR0kVCk4TVg6gg=",
        "owner": "NixOS",
        "repo": "nixpkgs",
        "rev": "c3912035d00ef755ab19394488b41feab95d2e40",
        "type": "github"
      },
      "original": {
        "owner": "NixOS",
        "ref": "release-22.11",
        "repo": "nixpkgs",
        "type": "github"
      }
    },
    "nixpkgs_2": {
      "locked": {
        "lastModified": 1679734080,
        "narHash": "sha256-z846xfGLlon6t9lqUzlNtBOmsgQLQIZvR6Lt2dImk1M=",
        "owner": "NixOS",
        "repo": "nixpkgs",
        "rev": "dbf5322e93bcc6cfc52268367a8ad21c09d76fea",
        "type": "github"
      },
      "original": {
        "owner": "NixOS",
        "ref": "nixpkgs-unstable",
        "repo": "nixpkgs",
        "type": "github"
      }
    },
    "nixpkgs_3": {
      "locked": {
        "lastModified": 1678987615,
        "narHash": "sha256-lF4agoB7ysQGNHRXvOqxtSKIZrUZwClA85aASahQlYM=",
        "owner": "NixOS",
        "repo": "nixpkgs",
        "rev": "194c2aa446b2b059886bb68be15ef6736d5a8c31",
        "type": "github"
      },
      "original": {
        "owner": "NixOS",
        "ref": "nixpkgs-unstable",
        "repo": "nixpkgs",
        "type": "github"
      }
    },
    "nixpkgs_4": {
      "locked": {
        "lastModified": 1672249180,
        "narHash": "sha256-ipos/gTMHqxS39asqNWEJZ7nXdcTHa0TB0AIZXkGapg=",
        "owner": "NixOS",
        "repo": "nixpkgs",
        "rev": "e58a7747db96c23b8a977e7c1bbfc5753b81b6fa",
        "type": "github"
      },
      "original": {
        "owner": "NixOS",
        "ref": "nixpkgs-unstable",
        "repo": "nixpkgs",
        "type": "github"
      }
    },
    "nur": {
      "locked": {
        "lastModified": 1679757713,
        "narHash": "sha256-Kp5GtHOwSUAw/N2j0niQx0w4Zz9VRrXz6N6nZUDVtMs=",
        "owner": "nix-community",
        "repo": "NUR",
        "rev": "abe49eaeb48900219d9193f4fca2613716418558",
        "type": "github"
      },
      "original": {
        "owner": "nix-community",
        "repo": "NUR",
        "type": "github"
      }
    },
    "openconnect": {
      "flake": false,
      "locked": {
        "lastModified": 1666807723,
        "narHash": "sha256-pU8m5zIEITBDmL3JCecRTRbMscpGTcpXSuP8zk5WfBI=",
        "owner": "vlaci",
        "repo": "openconnect-sso",
        "rev": "c0bbc9ff7d9477cb721c4b6e44482903fe81791a",
        "type": "github"
      },
      "original": {
        "owner": "vlaci",
        "repo": "openconnect-sso",
        "type": "github"
      }
    },
    "root": {
      "inputs": {
        "emacs": "emacs",
        "emacs-src": "emacs-src",
        "home-manager": "home-manager",
        "mozilla": "mozilla",
        "nix-direnv": "nix-direnv",
        "nixpkgs": "nixpkgs_2",
        "nixpkgs-master": "nixpkgs-master",
        "nixpkgs-optimized": "nixpkgs-optimized",
        "nur": "nur",
        "openconnect": "openconnect",
        "rust": "rust",
        "sops-nix": "sops-nix",
        "xmonad-personal": "xmonad-personal"
      }
    },
    "rust": {
      "inputs": {
        "flake-utils": [
          "emacs",
          "flake-utils"
        ],
        "nixpkgs": [
          "nixpkgs"
        ]
      },
      "locked": {
        "lastModified": 1679710743,
        "narHash": "sha256-zB6vEMoOmXZyqD/yNu1DYqtYvQaPERjWEnmhK8ovlWk=",
        "owner": "oxalica",
        "repo": "rust-overlay",
        "rev": "8ba8bdaee0dfb4b7ad8b1f398e4f24d4dee89760",
        "type": "github"
      },
      "original": {
        "owner": "oxalica",
        "repo": "rust-overlay",
        "type": "github"
      }
    },
    "sops-nix": {
      "inputs": {
        "nixpkgs": "nixpkgs_3",
        "nixpkgs-stable": "nixpkgs-stable"
      },
      "locked": {
        "lastModified": 1679377997,
        "narHash": "sha256-O8rmc/b/qgNgoHj2tL5+3Ovkj7A+Sok7gazRoWbpnqg=",
        "owner": "Mic92",
        "repo": "sops-nix",
        "rev": "d8827a8368c307fbc6ed594c9a31d619e7360bed",
        "type": "github"
      },
      "original": {
        "owner": "Mic92",
        "repo": "sops-nix",
        "type": "github"
      }
    },
    "utils": {
      "locked": {
        "lastModified": 1676283394,
        "narHash": "sha256-XX2f9c3iySLCw54rJ/CZs+ZK6IQy7GXNY4nSOyu2QG4=",
        "owner": "numtide",
        "repo": "flake-utils",
        "rev": "3db36a8b464d0c4532ba1c7dda728f4576d6d073",
        "type": "github"
      },
      "original": {
        "owner": "numtide",
        "repo": "flake-utils",
        "type": "github"
      }
    },
    "xmonad-personal": {
      "inputs": {
        "flake-utils": "flake-utils_3",
        "nixpkgs": "nixpkgs_4"
      },
      "locked": {
        "lastModified": 1678660287,
        "narHash": "sha256-jB1hk8rcxjzTAJxZ7mIaTZhvcz38tbnYuiyJ0RYNezc=",
        "owner": "cassandracomar",
        "repo": "dotxmonad",
        "rev": "5b93d43eec97bc1147fc4cdc676a048ab4589434",
        "type": "github"
      },
      "original": {
        "owner": "cassandracomar",
        "repo": "dotxmonad",
        "type": "github"
      }
    }
  },
  "root": "root",
  "version": 7
}
