{
  "nodes": {
    "emacs": {
      "inputs": {
        "flake-utils": "flake-utils",
        "nixpkgs": "nixpkgs"
      },
      "locked": {
        "lastModified": 1675881688,
        "narHash": "sha256-1DUubgI9CrYG+HBEy/FE6m3V6Yf0lfbFIzMSomPc2mA=",
        "owner": "nix-community",
        "repo": "emacs-overlay",
        "rev": "3a97f6833b1416bbe1e832fdb2f136052e0ad2fd",
        "type": "github"
      },
      "original": {
        "owner": "nix-community",
        "repo": "emacs-overlay",
        "type": "github"
      }
    },
    "flake-utils": {
      "locked": {
        "lastModified": 1667395993,
        "narHash": "sha256-nuEHfE/LcWyuSWnS8t12N1wc105Qtau+/OdUAjtQ0rA=",
        "owner": "numtide",
        "repo": "flake-utils",
        "rev": "5aed5285a952e0b949eb3ba02c12fa4fcfef535f",
        "type": "github"
      },
      "original": {
        "owner": "numtide",
        "repo": "flake-utils",
        "type": "github"
      }
    },
    "flake-utils_2": {
      "locked": {
        "lastModified": 1667395993,
        "narHash": "sha256-nuEHfE/LcWyuSWnS8t12N1wc105Qtau+/OdUAjtQ0rA=",
        "owner": "numtide",
        "repo": "flake-utils",
        "rev": "5aed5285a952e0b949eb3ba02c12fa4fcfef535f",
        "type": "github"
      },
      "original": {
        "owner": "numtide",
        "repo": "flake-utils",
        "type": "github"
      }
    },
    "flake-utils_3": {
      "locked": {
        "lastModified": 1659877975,
        "narHash": "sha256-zllb8aq3YO3h8B/U0/J1WBgAL8EX5yWf5pMj3G0NAmc=",
        "owner": "numtide",
        "repo": "flake-utils",
        "rev": "c0e246b9b83f637f4681389ecabcb2681b4f3af0",
        "type": "github"
      },
      "original": {
        "owner": "numtide",
        "repo": "flake-utils",
        "type": "github"
      }
    },
    "home-manager": {
      "inputs": {
        "nixpkgs": [
          "nixpkgs"
        ],
        "utils": "utils"
      },
      "locked": {
        "lastModified": 1675888750,
        "narHash": "sha256-w3T9UiRN6SaKMYI62+Ic3ka1Tyr9zaBcclhh3e4RCUk=",
        "owner": "nix-community",
        "repo": "home-manager",
        "rev": "1232d0e13305f462a5a7c29584f50eb232cc4ba0",
        "type": "github"
      },
      "original": {
        "owner": "nix-community",
        "repo": "home-manager",
        "type": "github"
      }
    },
    "mozilla": {
      "locked": {
        "lastModified": 1675354105,
        "narHash": "sha256-ZAJGIZ7TjOCU7302lSUabNDz+rxM4If0l8/ZbE/7R5U=",
        "owner": "mozilla",
        "repo": "nixpkgs-mozilla",
        "rev": "85eb0ba7d8e5d6d4b79e5b0180aadbdd25d76404",
        "type": "github"
      },
      "original": {
        "owner": "mozilla",
        "repo": "nixpkgs-mozilla",
        "type": "github"
      }
    },
    "nix-direnv": {
      "inputs": {
        "flake-utils": "flake-utils_2",
        "nixpkgs": [
          "nixpkgs"
        ]
      },
      "locked": {
        "lastModified": 1675592206,
        "narHash": "sha256-hLmVU5hqsR/byJS/Oofq54buh1GEwFeYsKbug0ILyaA=",
        "owner": "nix-community",
        "repo": "nix-direnv",
        "rev": "75c74a090bf37f34cd92eeab7f22f17dc0fcd48f",
        "type": "github"
      },
      "original": {
        "owner": "nix-community",
        "repo": "nix-direnv",
        "type": "github"
      }
    },
    "nixpkgs": {
      "locked": {
        "lastModified": 1673540789,
        "narHash": "sha256-xqnxBOK3qctIeUVxecydrEDbEXjsvHCPGPbvsl63M/U=",
        "owner": "NixOS",
        "repo": "nixpkgs",
        "rev": "0f213d0fee84280d8c3a97f7469b988d6fe5fcdf",
        "type": "github"
      },
      "original": {
        "owner": "NixOS",
        "ref": "nixos-unstable",
        "repo": "nixpkgs",
        "type": "github"
      }
    },
    "nixpkgs-master": {
      "locked": {
        "lastModified": 1674833634,
        "narHash": "sha256-52icv3hE1Aq/JZXZafJHKb3JVjO1GMjOK14a/ceCjmk=",
        "owner": "cassandracomar",
        "repo": "nixpkgs",
        "rev": "883b1cad5cd2d94122723245b4152334d945863f",
        "type": "github"
      },
      "original": {
        "owner": "cassandracomar",
        "repo": "nixpkgs",
        "type": "github"
      }
    },
    "nixpkgs-optimized": {
      "locked": {
        "lastModified": 1675269447,
        "narHash": "sha256-3buruE31v9U+kb6lUEM6Tby58ZHybEEhMJPLzvPZYLI=",
        "owner": "cassandracomar",
        "repo": "nixpkgs",
        "rev": "6639bdc1f05ebf71a16115357cbb400456fa4464",
        "type": "github"
      },
      "original": {
        "owner": "cassandracomar",
        "ref": "kernel-pin",
        "repo": "nixpkgs",
        "type": "github"
      }
    },
    "nixpkgs_2": {
      "locked": {
        "lastModified": 1675698036,
        "narHash": "sha256-BgsQkQewdlQi8gapJN4phpxkI/FCE/2sORBaFcYbp/A=",
        "owner": "NixOS",
        "repo": "nixpkgs",
        "rev": "1046c7b92e908a1202c0f1ba3fc21d19e1cf1b62",
        "type": "github"
      },
      "original": {
        "owner": "NixOS",
        "ref": "nixpkgs-unstable",
        "repo": "nixpkgs",
        "type": "github"
      }
    },
    "nixpkgs_3": {
      "locked": {
        "lastModified": 1672249180,
        "narHash": "sha256-ipos/gTMHqxS39asqNWEJZ7nXdcTHa0TB0AIZXkGapg=",
        "owner": "NixOS",
        "repo": "nixpkgs",
        "rev": "e58a7747db96c23b8a977e7c1bbfc5753b81b6fa",
        "type": "github"
      },
      "original": {
        "owner": "NixOS",
        "ref": "nixpkgs-unstable",
        "repo": "nixpkgs",
        "type": "github"
      }
    },
    "nur": {
      "locked": {
        "lastModified": 1675899898,
        "narHash": "sha256-7ScL3XdFNg6W4wbqZ2ADLCmLNl+Sm7UgEDRQhvCjViU=",
        "owner": "nix-community",
        "repo": "NUR",
        "rev": "067daef07d6c87939ead3c7100e72bd2bdc7b090",
        "type": "github"
      },
      "original": {
        "owner": "nix-community",
        "repo": "NUR",
        "type": "github"
      }
    },
    "root": {
      "inputs": {
        "emacs": "emacs",
        "home-manager": "home-manager",
        "mozilla": "mozilla",
        "nix-direnv": "nix-direnv",
        "nixpkgs": "nixpkgs_2",
        "nixpkgs-master": "nixpkgs-master",
        "nixpkgs-optimized": "nixpkgs-optimized",
        "nur": "nur",
        "rust": "rust",
        "xmonad-personal": "xmonad-personal"
      }
    },
    "rust": {
      "inputs": {
        "flake-utils": [
          "emacs",
          "flake-utils"
        ],
        "nixpkgs": [
          "nixpkgs"
        ]
      },
      "locked": {
        "lastModified": 1675823425,
        "narHash": "sha256-o/uLXQdq3OrRAv4BZVVY0VmhMmQBLWw6Y4o+p6ZiaR4=",
        "owner": "oxalica",
        "repo": "rust-overlay",
        "rev": "02e1abbdcbc2d516193ff8a7add71f44cd976ba0",
        "type": "github"
      },
      "original": {
        "owner": "oxalica",
        "repo": "rust-overlay",
        "type": "github"
      }
    },
    "utils": {
      "locked": {
        "lastModified": 1667395993,
        "narHash": "sha256-nuEHfE/LcWyuSWnS8t12N1wc105Qtau+/OdUAjtQ0rA=",
        "owner": "numtide",
        "repo": "flake-utils",
        "rev": "5aed5285a952e0b949eb3ba02c12fa4fcfef535f",
        "type": "github"
      },
      "original": {
        "owner": "numtide",
        "repo": "flake-utils",
        "type": "github"
      }
    },
    "xmonad-personal": {
      "inputs": {
        "flake-utils": "flake-utils_3",
        "nixpkgs": "nixpkgs_3"
      },
      "locked": {
        "lastModified": 1672274418,
        "narHash": "sha256-FWaF5wElTdg896QyiPyizrjT9SSMNUHST2KD70orYuU=",
        "owner": "cassandracomar",
        "repo": "dotxmonad",
        "rev": "0927bfe235194053bb324212521c7feb7c57db0f",
        "type": "github"
      },
      "original": {
        "owner": "cassandracomar",
        "repo": "dotxmonad",
        "type": "github"
      }
    }
  },
  "root": "root",
  "version": 7
}
