{
  "nodes": {
    "emacs": {
      "inputs": {
        "flake-utils": "flake-utils",
        "nixpkgs": "nixpkgs"
      },
      "locked": {
        "lastModified": 1675246293,
        "narHash": "sha256-mpLe6T7CAZJ1OwJWu1yk8r5ThMuAyswQGDxx6+l1ZUY=",
        "owner": "nix-community",
        "repo": "emacs-overlay",
        "rev": "dde3396d92ad61a8c73c6a3b6c1bbb14a70c5e5e",
        "type": "github"
      },
      "original": {
        "owner": "nix-community",
        "repo": "emacs-overlay",
        "type": "github"
      }
    },
    "flake-utils": {
      "locked": {
        "lastModified": 1667395993,
        "narHash": "sha256-nuEHfE/LcWyuSWnS8t12N1wc105Qtau+/OdUAjtQ0rA=",
        "owner": "numtide",
        "repo": "flake-utils",
        "rev": "5aed5285a952e0b949eb3ba02c12fa4fcfef535f",
        "type": "github"
      },
      "original": {
        "owner": "numtide",
        "repo": "flake-utils",
        "type": "github"
      }
    },
    "flake-utils_2": {
      "locked": {
        "lastModified": 1667395993,
        "narHash": "sha256-nuEHfE/LcWyuSWnS8t12N1wc105Qtau+/OdUAjtQ0rA=",
        "owner": "numtide",
        "repo": "flake-utils",
        "rev": "5aed5285a952e0b949eb3ba02c12fa4fcfef535f",
        "type": "github"
      },
      "original": {
        "owner": "numtide",
        "repo": "flake-utils",
        "type": "github"
      }
    },
    "flake-utils_3": {
      "locked": {
        "lastModified": 1659877975,
        "narHash": "sha256-zllb8aq3YO3h8B/U0/J1WBgAL8EX5yWf5pMj3G0NAmc=",
        "owner": "numtide",
        "repo": "flake-utils",
        "rev": "c0e246b9b83f637f4681389ecabcb2681b4f3af0",
        "type": "github"
      },
      "original": {
        "owner": "numtide",
        "repo": "flake-utils",
        "type": "github"
      }
    },
    "home-manager": {
      "inputs": {
        "nixpkgs": [
          "nixpkgs"
        ],
        "utils": "utils"
      },
      "locked": {
        "lastModified": 1675247113,
        "narHash": "sha256-+YcXjfCP4hNu8A68b/UoXFCTDwKLuLV+x/7dQnM5U/o=",
        "owner": "nix-community",
        "repo": "home-manager",
        "rev": "782cb855b2f23c485011a196c593e2d7e4fce746",
        "type": "github"
      },
      "original": {
        "owner": "nix-community",
        "repo": "home-manager",
        "type": "github"
      }
    },
    "mozilla": {
      "locked": {
        "lastModified": 1674739363,
        "narHash": "sha256-vzwZn8aodZa/TXxz8/2LXvaAtamgQClYmuuv06cQrss=",
        "owner": "mozilla",
        "repo": "nixpkgs-mozilla",
        "rev": "f6fe8508b0910b84b74c0e0bfa0ff8593e77d470",
        "type": "github"
      },
      "original": {
        "owner": "mozilla",
        "repo": "nixpkgs-mozilla",
        "type": "github"
      }
    },
    "nix-direnv": {
      "inputs": {
        "flake-utils": "flake-utils_2",
        "nixpkgs": [
          "nixpkgs"
        ]
      },
      "locked": {
        "lastModified": 1675246725,
        "narHash": "sha256-fUM8TNhb+S3oLQc6Tq8e92jX3lt9DBscS1/kXESK9TE=",
        "owner": "nix-community",
        "repo": "nix-direnv",
        "rev": "f0754c8808dab56eb31c319917e011b114b7f0f3",
        "type": "github"
      },
      "original": {
        "owner": "nix-community",
        "repo": "nix-direnv",
        "type": "github"
      }
    },
    "nixpkgs": {
      "locked": {
        "lastModified": 1673540789,
        "narHash": "sha256-xqnxBOK3qctIeUVxecydrEDbEXjsvHCPGPbvsl63M/U=",
        "owner": "NixOS",
        "repo": "nixpkgs",
        "rev": "0f213d0fee84280d8c3a97f7469b988d6fe5fcdf",
        "type": "github"
      },
      "original": {
        "owner": "NixOS",
        "ref": "nixos-unstable",
        "repo": "nixpkgs",
        "type": "github"
      }
    },
    "nixpkgs-master": {
      "locked": {
        "lastModified": 1674833634,
        "narHash": "sha256-52icv3hE1Aq/JZXZafJHKb3JVjO1GMjOK14a/ceCjmk=",
        "owner": "cassandracomar",
        "repo": "nixpkgs",
        "rev": "883b1cad5cd2d94122723245b4152334d945863f",
        "type": "github"
      },
      "original": {
        "owner": "cassandracomar",
        "repo": "nixpkgs",
        "type": "github"
      }
    },
    "nixpkgs-optimized": {
      "locked": {
        "lastModified": 1675269447,
        "narHash": "sha256-3buruE31v9U+kb6lUEM6Tby58ZHybEEhMJPLzvPZYLI=",
        "owner": "cassandracomar",
        "repo": "nixpkgs",
        "rev": "6639bdc1f05ebf71a16115357cbb400456fa4464",
        "type": "github"
      },
      "original": {
        "owner": "cassandracomar",
        "ref": "kernel-pin",
        "repo": "nixpkgs",
        "type": "github"
      }
    },
    "nixpkgs_2": {
      "locked": {
        "lastModified": 1675153841,
        "narHash": "sha256-EWvU3DLq+4dbJiukfhS7r6sWZyJikgXn6kNl7eHljW8=",
        "owner": "NixOS",
        "repo": "nixpkgs",
        "rev": "ea692c2ad1afd6384e171eabef4f0887d2b882d3",
        "type": "github"
      },
      "original": {
        "owner": "NixOS",
        "ref": "nixpkgs-unstable",
        "repo": "nixpkgs",
        "type": "github"
      }
    },
    "nixpkgs_3": {
      "locked": {
        "lastModified": 1672249180,
        "narHash": "sha256-ipos/gTMHqxS39asqNWEJZ7nXdcTHa0TB0AIZXkGapg=",
        "owner": "NixOS",
        "repo": "nixpkgs",
        "rev": "e58a7747db96c23b8a977e7c1bbfc5753b81b6fa",
        "type": "github"
      },
      "original": {
        "owner": "NixOS",
        "ref": "nixpkgs-unstable",
        "repo": "nixpkgs",
        "type": "github"
      }
    },
    "nur": {
      "locked": {
        "lastModified": 1675266298,
        "narHash": "sha256-YnOp5Bwz6P5ZUUP+6b0gfOHR5+6YXjBwejC+d+r+y/0=",
        "owner": "nix-community",
        "repo": "NUR",
        "rev": "791848955787354a0d76abb004318bfad0462f07",
        "type": "github"
      },
      "original": {
        "owner": "nix-community",
        "repo": "NUR",
        "type": "github"
      }
    },
    "root": {
      "inputs": {
        "emacs": "emacs",
        "home-manager": "home-manager",
        "mozilla": "mozilla",
        "nix-direnv": "nix-direnv",
        "nixpkgs": "nixpkgs_2",
        "nixpkgs-master": "nixpkgs-master",
        "nixpkgs-optimized": "nixpkgs-optimized",
        "nur": "nur",
        "rust": "rust",
        "xmonad-personal": "xmonad-personal"
      }
    },
    "rust": {
      "inputs": {
        "flake-utils": [
          "emacs",
          "flake-utils"
        ],
        "nixpkgs": [
          "nixpkgs"
        ]
      },
      "locked": {
        "lastModified": 1675218841,
        "narHash": "sha256-/aARbO0v7XlyFaG6vzYKp9ImG6pX5a8Ss4McQ4u9BJs=",
        "owner": "oxalica",
        "repo": "rust-overlay",
        "rev": "b86e094432c5576867b75a2834babf06aafd6c49",
        "type": "github"
      },
      "original": {
        "owner": "oxalica",
        "repo": "rust-overlay",
        "type": "github"
      }
    },
    "utils": {
      "locked": {
        "lastModified": 1667395993,
        "narHash": "sha256-nuEHfE/LcWyuSWnS8t12N1wc105Qtau+/OdUAjtQ0rA=",
        "owner": "numtide",
        "repo": "flake-utils",
        "rev": "5aed5285a952e0b949eb3ba02c12fa4fcfef535f",
        "type": "github"
      },
      "original": {
        "owner": "numtide",
        "repo": "flake-utils",
        "type": "github"
      }
    },
    "xmonad-personal": {
      "inputs": {
        "flake-utils": "flake-utils_3",
        "nixpkgs": "nixpkgs_3"
      },
      "locked": {
        "lastModified": 1672274418,
        "narHash": "sha256-FWaF5wElTdg896QyiPyizrjT9SSMNUHST2KD70orYuU=",
        "owner": "cassandracomar",
        "repo": "dotxmonad",
        "rev": "0927bfe235194053bb324212521c7feb7c57db0f",
        "type": "github"
      },
      "original": {
        "owner": "cassandracomar",
        "repo": "dotxmonad",
        "type": "github"
      }
    }
  },
  "root": "root",
  "version": 7
}
